
Microsoft Visual Studio Solution File, Format Version 12.00
# Visual Studio 2013
VisualStudioVersion = 12.0.21005.1
MinimumVisualStudioVersion = 10.0.40219.1
Project("{FAE04EC0-301F-11D3-BF4B-00C04F79EFBC}") = "unirest-net (net40)", "unirest-net (net40)\unirest-net (net40).csproj", "{BB1927F2-4FC7-4520-8680-49C0245E05E0}"
EndProject
Project("{FAE04EC0-301F-11D3-BF4B-00C04F79EFBC}") = "unirest-net (portable)", "unirest-net (portable)\unirest-net (portable).csproj", "{B3CAC40B-7582-4058-8F65-197301EE6807}"
EndProject
Project("{FAE04EC0-301F-11D3-BF4B-00C04F79EFBC}") = "unirest-net-tests (net40)", "unirest-net-tests (net40)\unirest-net-tests (net40).csproj", "{A1455397-D38D-4855-AEF6-634EE9DCD10E}"
EndProject
Project("{2150E333-8FDC-42A3-9474-1A3956D46DE8}") = "Library", "Library", "{47237C67-9574-416E-984A-BF78643CCD6F}"
EndProject
Project("{2150E333-8FDC-42A3-9474-1A3956D46DE8}") = "Unit Tests", "Unit Tests", "{856C75AC-4FBB-4C84-87FA-B3F38C7EC6D9}"
EndProject
Project("{FAE04EC0-301F-11D3-BF4B-00C04F79EFBC}") = "unirest-net-tests (win8)", "unirest-net-tests (win8)\unirest-net-tests (win8).csproj", "{7A5EB1C1-01CB-4FB7-A14F-FAC44E9FE04D}"
EndProject
Global
	GlobalSection(SolutionConfigurationPlatforms) = preSolution
		Debug|Any CPU = Debug|Any CPU
		Debug|ARM = Debug|ARM
		Debug|x64 = Debug|x64
		Debug|x86 = Debug|x86
		Release|Any CPU = Release|Any CPU
		Release|ARM = Release|ARM
		Release|x64 = Release|x64
		Release|x86 = Release|x86
	EndGlobalSection
	GlobalSection(ProjectConfigurationPlatforms) = postSolution
		{BB1927F2-4FC7-4520-8680-49C0245E05E0}.Debug|Any CPU.ActiveCfg = Debug|Any CPU
		{BB1927F2-4FC7-4520-8680-49C0245E05E0}.Debug|Any CPU.Build.0 = Debug|Any CPU
		{BB1927F2-4FC7-4520-8680-49C0245E05E0}.Debug|ARM.ActiveCfg = Debug|Any CPU
		{BB1927F2-4FC7-4520-8680-49C0245E05E0}.Debug|x64.ActiveCfg = Debug|Any CPU
		{BB1927F2-4FC7-4520-8680-49C0245E05E0}.Debug|x86.ActiveCfg = Debug|Any CPU
		{BB1927F2-4FC7-4520-8680-49C0245E05E0}.Release|Any CPU.ActiveCfg = Release|Any CPU
		{BB1927F2-4FC7-4520-8680-49C0245E05E0}.Release|Any CPU.Build.0 = Release|Any CPU
		{BB1927F2-4FC7-4520-8680-49C0245E05E0}.Release|ARM.ActiveCfg = Release|Any CPU
		{BB1927F2-4FC7-4520-8680-49C0245E05E0}.Release|x64.ActiveCfg = Release|Any CPU
		{BB1927F2-4FC7-4520-8680-49C0245E05E0}.Release|x86.ActiveCfg = Release|Any CPU
		{B3CAC40B-7582-4058-8F65-197301EE6807}.Debug|Any CPU.ActiveCfg = Debug|Any CPU
		{B3CAC40B-7582-4058-8F65-197301EE6807}.Debug|Any CPU.Build.0 = Debug|Any CPU
		{B3CAC40B-7582-4058-8F65-197301EE6807}.Debug|ARM.ActiveCfg = Debug|Any CPU
		{B3CAC40B-7582-4058-8F65-197301EE6807}.Debug|x64.ActiveCfg = Debug|Any CPU
		{B3CAC40B-7582-4058-8F65-197301EE6807}.Debug|x86.ActiveCfg = Debug|Any CPU
		{B3CAC40B-7582-4058-8F65-197301EE6807}.Release|Any CPU.ActiveCfg = Release|Any CPU
		{B3CAC40B-7582-4058-8F65-197301EE6807}.Release|Any CPU.Build.0 = Release|Any CPU
		{B3CAC40B-7582-4058-8F65-197301EE6807}.Release|ARM.ActiveCfg = Release|Any CPU
		{B3CAC40B-7582-4058-8F65-197301EE6807}.Release|x64.ActiveCfg = Release|Any CPU
		{B3CAC40B-7582-4058-8F65-197301EE6807}.Release|x86.ActiveCfg = Release|Any CPU
		{A1455397-D38D-4855-AEF6-634EE9DCD10E}.Debug|Any CPU.ActiveCfg = Debug|Any CPU
		{A1455397-D38D-4855-AEF6-634EE9DCD10E}.Debug|Any CPU.Build.0 = Debug|Any CPU
		{A1455397-D38D-4855-AEF6-634EE9DCD10E}.Debug|ARM.ActiveCfg = Debug|Any CPU
		{A1455397-D38D-4855-AEF6-634EE9DCD10E}.Debug|x64.ActiveCfg = Debug|Any CPU
		{A1455397-D38D-4855-AEF6-634EE9DCD10E}.Debug|x86.ActiveCfg = Debug|Any CPU
		{A1455397-D38D-4855-AEF6-634EE9DCD10E}.Release|Any CPU.ActiveCfg = Release|Any CPU
		{A1455397-D38D-4855-AEF6-634EE9DCD10E}.Release|Any CPU.Build.0 = Release|Any CPU
		{A1455397-D38D-4855-AEF6-634EE9DCD10E}.Release|ARM.ActiveCfg = Release|Any CPU
		{A1455397-D38D-4855-AEF6-634EE9DCD10E}.Release|x64.ActiveCfg = Release|Any CPU
		{A1455397-D38D-4855-AEF6-634EE9DCD10E}.Release|x86.ActiveCfg = Release|Any CPU
		{7A5EB1C1-01CB-4FB7-A14F-FAC44E9FE04D}.Debug|Any CPU.ActiveCfg = Debug|Any CPU
		{7A5EB1C1-01CB-4FB7-A14F-FAC44E9FE04D}.Debug|Any CPU.Build.0 = Debug|Any CPU
		{7A5EB1C1-01CB-4FB7-A14F-FAC44E9FE04D}.Debug|Any CPU.Deploy.0 = Debug|Any CPU
		{7A5EB1C1-01CB-4FB7-A14F-FAC44E9FE04D}.Debug|ARM.ActiveCfg = Debug|ARM
		{7A5EB1C1-01CB-4FB7-A14F-FAC44E9FE04D}.Debug|ARM.Build.0 = Debug|ARM
		{7A5EB1C1-01CB-4FB7-A14F-FAC44E9FE04D}.Debug|ARM.Deploy.0 = Debug|ARM
		{7A5EB1C1-01CB-4FB7-A14F-FAC44E9FE04D}.Debug|x64.ActiveCfg = Debug|x64
		{7A5EB1C1-01CB-4FB7-A14F-FAC44E9FE04D}.Debug|x64.Build.0 = Debug|x64
		{7A5EB1C1-01CB-4FB7-A14F-FAC44E9FE04D}.Debug|x64.Deploy.0 = Debug|x64
		{7A5EB1C1-01CB-4FB7-A14F-FAC44E9FE04D}.Debug|x86.ActiveCfg = Debug|x86
		{7A5EB1C1-01CB-4FB7-A14F-FAC44E9FE04D}.Debug|x86.Build.0 = Debug|x86
		{7A5EB1C1-01CB-4FB7-A14F-FAC44E9FE04D}.Debug|x86.Deploy.0 = Debug|x86
		{7A5EB1C1-01CB-4FB7-A14F-FAC44E9FE04D}.Release|Any CPU.ActiveCfg = Release|Any CPU
		{7A5EB1C1-01CB-4FB7-A14F-FAC44E9FE04D}.Release|Any CPU.Build.0 = Release|Any CPU
		{7A5EB1C1-01CB-4FB7-A14F-FAC44E9FE04D}.Release|Any CPU.Deploy.0 = Release|Any CPU
		{7A5EB1C1-01CB-4FB7-A14F-FAC44E9FE04D}.Release|ARM.ActiveCfg = Release|ARM
		{7A5EB1C1-01CB-4FB7-A14F-FAC44E9FE04D}.Release|ARM.Build.0 = Release|ARM
		{7A5EB1C1-01CB-4FB7-A14F-FAC44E9FE04D}.Release|ARM.Deploy.0 = Release|ARM
		{7A5EB1C1-01CB-4FB7-A14F-FAC44E9FE04D}.Release|x64.ActiveCfg = Release|x64
		{7A5EB1C1-01CB-4FB7-A14F-FAC44E9FE04D}.Release|x64.Build.0 = Release|x64
		{7A5EB1C1-01CB-4FB7-A14F-FAC44E9FE04D}.Release|x64.Deploy.0 = Release|x64
		{7A5EB1C1-01CB-4FB7-A14F-FAC44E9FE04D}.Release|x86.ActiveCfg = Release|x86
		{7A5EB1C1-01CB-4FB7-A14F-FAC44E9FE04D}.Release|x86.Build.0 = Release|x86
		{7A5EB1C1-01CB-4FB7-A14F-FAC44E9FE04D}.Release|x86.Deploy.0 = Release|x86
	EndGlobalSection
	GlobalSection(SolutionProperties) = preSolution
		HideSolutionNode = FALSE
	EndGlobalSection
	GlobalSection(NestedProjects) = preSolution
		{BB1927F2-4FC7-4520-8680-49C0245E05E0} = {47237C67-9574-416E-984A-BF78643CCD6F}
		{B3CAC40B-7582-4058-8F65-197301EE6807} = {47237C67-9574-416E-984A-BF78643CCD6F}
		{A1455397-D38D-4855-AEF6-634EE9DCD10E} = {856C75AC-4FBB-4C84-87FA-B3F38C7EC6D9}
		{7A5EB1C1-01CB-4FB7-A14F-FAC44E9FE04D} = {856C75AC-4FBB-4C84-87FA-B3F38C7EC6D9}
	EndGlobalSection
EndGlobal
