
Microsoft Visual Studio Solution File, Format Version 12.00
# Visual Studio 2013
VisualStudioVersion = 12.0.21005.1
MinimumVisualStudioVersion = 10.0.40219.1
Project("{FAE04EC0-301F-11D3-BF4B-00C04F79EFBC}") = "unirest-net (Portable)", "unirest-net (Portable)\unirest-net (Portable).csproj", "{BB1927F2-4FC7-4520-8680-49C0245E05E0}"
EndProject
Project("{FAE04EC0-301F-11D3-BF4B-00C04F79EFBC}") = "unirest-net-tests (NET40)", "unirest-net-tests (NET40)\unirest-net-tests (NET40).csproj", "{A1455397-D38D-4855-AEF6-634EE9DCD10E}"
EndProject
Project("{FAE04EC0-301F-11D3-BF4B-00C04F79EFBC}") = "unirest-net (NET40)", "unirest-net (NET40)\unirest-net (NET40).csproj", "{3049FB55-B42D-47EC-852F-B26B14BB6A50}"
EndProject
Global
	GlobalSection(SolutionConfigurationPlatforms) = preSolution
		Debug|Any CPU = Debug|Any CPU
		Release|Any CPU = Release|Any CPU
	EndGlobalSection
	GlobalSection(ProjectConfigurationPlatforms) = postSolution
		{BB1927F2-4FC7-4520-8680-49C0245E05E0}.Debug|Any CPU.ActiveCfg = Debug|Any CPU
		{BB1927F2-4FC7-4520-8680-49C0245E05E0}.Debug|Any CPU.Build.0 = Debug|Any CPU
		{BB1927F2-4FC7-4520-8680-49C0245E05E0}.Release|Any CPU.ActiveCfg = Release|Any CPU
		{BB1927F2-4FC7-4520-8680-49C0245E05E0}.Release|Any CPU.Build.0 = Release|Any CPU
		{A1455397-D38D-4855-AEF6-634EE9DCD10E}.Debug|Any CPU.ActiveCfg = Debug|Any CPU
		{A1455397-D38D-4855-AEF6-634EE9DCD10E}.Debug|Any CPU.Build.0 = Debug|Any CPU
		{A1455397-D38D-4855-AEF6-634EE9DCD10E}.Release|Any CPU.ActiveCfg = Release|Any CPU
		{A1455397-D38D-4855-AEF6-634EE9DCD10E}.Release|Any CPU.Build.0 = Release|Any CPU
		{3049FB55-B42D-47EC-852F-B26B14BB6A50}.Debug|Any CPU.ActiveCfg = Debug|Any CPU
		{3049FB55-B42D-47EC-852F-B26B14BB6A50}.Debug|Any CPU.Build.0 = Debug|Any CPU
		{3049FB55-B42D-47EC-852F-B26B14BB6A50}.Release|Any CPU.ActiveCfg = Release|Any CPU
		{3049FB55-B42D-47EC-852F-B26B14BB6A50}.Release|Any CPU.Build.0 = Release|Any CPU
	EndGlobalSection
	GlobalSection(SolutionProperties) = preSolution
		HideSolutionNode = FALSE
	EndGlobalSection
EndGlobal
